// !$*UTF8*$!
{
	archiveVersion = 1;
	classes = {
	};
	objectVersion = 77;
	objects = {

/* Begin PBXBuildFile section */
		2434D0B32D248DC5007C91AA /* beep.wav in Resources */ = {isa = PBXBuildFile; fileRef = 2434D0B22D248DC5007C91AA /* beep.wav */; };
		2434D0B52D2490BB007C91AA /* look_up.wav in Resources */ = {isa = PBXBuildFile; fileRef = 2434D0B42D2490BB007C91AA /* look_up.wav */; };
		2434D1152D24D077007C91AA /* watch_ski_coach Watch App.app in Embed Watch Content */ = {isa = PBXBuildFile; fileRef = 2434D0F22D24D075007C91AA /* watch_ski_coach Watch App.app */; settings = {ATTRIBUTES = (RemoveHeadersOnCopy, ); }; };
/* End PBXBuildFile section */

/* Begin PBXContainerItemProxy section */
		2434D0852D1E956F007C91AA /* PBXContainerItemProxy */ = {
			isa = PBXContainerItemProxy;
			containerPortal = 2434D06C2D1E956D007C91AA /* Project object */;
			proxyType = 1;
			remoteGlobalIDString = 2434D0732D1E956D007C91AA;
			remoteInfo = ski_coach;
		};
		2434D08F2D1E956F007C91AA /* PBXContainerItemProxy */ = {
			isa = PBXContainerItemProxy;
			containerPortal = 2434D06C2D1E956D007C91AA /* Project object */;
			proxyType = 1;
			remoteGlobalIDString = 2434D0732D1E956D007C91AA;
			remoteInfo = ski_coach;
		};
		2434D1022D24D077007C91AA /* PBXContainerItemProxy */ = {
			isa = PBXContainerItemProxy;
			containerPortal = 2434D06C2D1E956D007C91AA /* Project object */;
			proxyType = 1;
			remoteGlobalIDString = 2434D0F12D24D075007C91AA;
			remoteInfo = "watch_ski_coach Watch App";
		};
		2434D10C2D24D077007C91AA /* PBXContainerItemProxy */ = {
			isa = PBXContainerItemProxy;
			containerPortal = 2434D06C2D1E956D007C91AA /* Project object */;
			proxyType = 1;
			remoteGlobalIDString = 2434D0F12D24D075007C91AA;
			remoteInfo = "watch_ski_coach Watch App";
		};
		2434D1132D24D077007C91AA /* PBXContainerItemProxy */ = {
			isa = PBXContainerItemProxy;
			containerPortal = 2434D06C2D1E956D007C91AA /* Project object */;
			proxyType = 1;
			remoteGlobalIDString = 2434D0F12D24D075007C91AA;
			remoteInfo = "watch_ski_coach Watch App";
		};
/* End PBXContainerItemProxy section */

/* Begin PBXCopyFilesBuildPhase section */
		2434D1192D24D077007C91AA /* Embed Watch Content */ = {
			isa = PBXCopyFilesBuildPhase;
			buildActionMask = 2147483647;
			dstPath = "$(CONTENTS_FOLDER_PATH)/Watch";
			dstSubfolderSpec = 16;
			files = (
				2434D1152D24D077007C91AA /* watch_ski_coach Watch App.app in Embed Watch Content */,
			);
			name = "Embed Watch Content";
			runOnlyForDeploymentPostprocessing = 0;
		};
/* End PBXCopyFilesBuildPhase section */

/* Begin PBXFileReference section */
		2434D0742D1E956D007C91AA /* ski_coach.app */ = {isa = PBXFileReference; explicitFileType = wrapper.application; includeInIndex = 0; path = ski_coach.app; sourceTree = BUILT_PRODUCTS_DIR; };
		2434D0842D1E956F007C91AA /* ski_coachTests.xctest */ = {isa = PBXFileReference; explicitFileType = wrapper.cfbundle; includeInIndex = 0; path = ski_coachTests.xctest; sourceTree = BUILT_PRODUCTS_DIR; };
		2434D08E2D1E956F007C91AA /* ski_coachUITests.xctest */ = {isa = PBXFileReference; explicitFileType = wrapper.cfbundle; includeInIndex = 0; path = ski_coachUITests.xctest; sourceTree = BUILT_PRODUCTS_DIR; };
		2434D0B22D248DC5007C91AA /* beep.wav */ = {isa = PBXFileReference; lastKnownFileType = audio.wav; path = beep.wav; sourceTree = "<group>"; };
		2434D0B42D2490BB007C91AA /* look_up.wav */ = {isa = PBXFileReference; lastKnownFileType = audio.wav; path = look_up.wav; sourceTree = "<group>"; };
		2434D0F22D24D075007C91AA /* watch_ski_coach Watch App.app */ = {isa = PBXFileReference; explicitFileType = wrapper.application; includeInIndex = 0; path = "watch_ski_coach Watch App.app"; sourceTree = BUILT_PRODUCTS_DIR; };
		2434D1012D24D077007C91AA /* watch_ski_coach Watch AppTests.xctest */ = {isa = PBXFileReference; explicitFileType = wrapper.cfbundle; includeInIndex = 0; path = "watch_ski_coach Watch AppTests.xctest"; sourceTree = BUILT_PRODUCTS_DIR; };
		2434D10B2D24D077007C91AA /* watch_ski_coach Watch AppUITests.xctest */ = {isa = PBXFileReference; explicitFileType = wrapper.cfbundle; includeInIndex = 0; path = "watch_ski_coach Watch AppUITests.xctest"; sourceTree = BUILT_PRODUCTS_DIR; };
/* End PBXFileReference section */

/* Begin PBXFileSystemSynchronizedRootGroup section */
		2434D0762D1E956D007C91AA /* ski_coach */ = {
			isa = PBXFileSystemSynchronizedRootGroup;
			path = ski_coach;
			sourceTree = "<group>";
		};
		2434D0872D1E956F007C91AA /* ski_coachTests */ = {
			isa = PBXFileSystemSynchronizedRootGroup;
			path = ski_coachTests;
			sourceTree = "<group>";
		};
		2434D0912D1E956F007C91AA /* ski_coachUITests */ = {
			isa = PBXFileSystemSynchronizedRootGroup;
			path = ski_coachUITests;
			sourceTree = "<group>";
		};
		2434D0F32D24D075007C91AA /* watch_ski_coach Watch App */ = {
			isa = PBXFileSystemSynchronizedRootGroup;
			path = "watch_ski_coach Watch App";
			sourceTree = "<group>";
		};
		2434D1042D24D077007C91AA /* watch_ski_coach Watch AppTests */ = {
			isa = PBXFileSystemSynchronizedRootGroup;
			path = "watch_ski_coach Watch AppTests";
			sourceTree = "<group>";
		};
		2434D10E2D24D077007C91AA /* watch_ski_coach Watch AppUITests */ = {
			isa = PBXFileSystemSynchronizedRootGroup;
			path = "watch_ski_coach Watch AppUITests";
			sourceTree = "<group>";
		};
/* End PBXFileSystemSynchronizedRootGroup section */

/* Begin PBXFrameworksBuildPhase section */
		2434D0712D1E956D007C91AA /* Frameworks */ = {
			isa = PBXFrameworksBuildPhase;
			buildActionMask = 2147483647;
			files = (
			);
			runOnlyForDeploymentPostprocessing = 0;
		};
		2434D0812D1E956F007C91AA /* Frameworks */ = {
			isa = PBXFrameworksBuildPhase;
			buildActionMask = 2147483647;
			files = (
			);
			runOnlyForDeploymentPostprocessing = 0;
		};
		2434D08B2D1E956F007C91AA /* Frameworks */ = {
			isa = PBXFrameworksBuildPhase;
			buildActionMask = 2147483647;
			files = (
			);
			runOnlyForDeploymentPostprocessing = 0;
		};
		2434D0EF2D24D075007C91AA /* Frameworks */ = {
			isa = PBXFrameworksBuildPhase;
			buildActionMask = 2147483647;
			files = (
			);
			runOnlyForDeploymentPostprocessing = 0;
		};
		2434D0FE2D24D077007C91AA /* Frameworks */ = {
			isa = PBXFrameworksBuildPhase;
			buildActionMask = 2147483647;
			files = (
			);
			runOnlyForDeploymentPostprocessing = 0;
		};
		2434D1082D24D077007C91AA /* Frameworks */ = {
			isa = PBXFrameworksBuildPhase;
			buildActionMask = 2147483647;
			files = (
			);
			runOnlyForDeploymentPostprocessing = 0;
		};
/* End PBXFrameworksBuildPhase section */

/* Begin PBXGroup section */
		2434D06B2D1E956D007C91AA = {
			isa = PBXGroup;
			children = (
				2434D0762D1E956D007C91AA /* ski_coach */,
				2434D0872D1E956F007C91AA /* ski_coachTests */,
				2434D0912D1E956F007C91AA /* ski_coachUITests */,
				2434D0F32D24D075007C91AA /* watch_ski_coach Watch App */,
				2434D1042D24D077007C91AA /* watch_ski_coach Watch AppTests */,
				2434D10E2D24D077007C91AA /* watch_ski_coach Watch AppUITests */,
				2434D0752D1E956D007C91AA /* Products */,
				2434D0B22D248DC5007C91AA /* beep.wav */,
				2434D0B42D2490BB007C91AA /* look_up.wav */,
			);
			sourceTree = "<group>";
		};
		2434D0752D1E956D007C91AA /* Products */ = {
			isa = PBXGroup;
			children = (
				2434D0742D1E956D007C91AA /* ski_coach.app */,
				2434D0842D1E956F007C91AA /* ski_coachTests.xctest */,
				2434D08E2D1E956F007C91AA /* ski_coachUITests.xctest */,
				2434D0F22D24D075007C91AA /* watch_ski_coach Watch App.app */,
				2434D1012D24D077007C91AA /* watch_ski_coach Watch AppTests.xctest */,
				2434D10B2D24D077007C91AA /* watch_ski_coach Watch AppUITests.xctest */,
			);
			name = Products;
			sourceTree = "<group>";
		};
/* End PBXGroup section */

/* Begin PBXNativeTarget section */
		2434D0732D1E956D007C91AA /* ski_coach */ = {
			isa = PBXNativeTarget;
			buildConfigurationList = 2434D0982D1E956F007C91AA /* Build configuration list for PBXNativeTarget "ski_coach" */;
			buildPhases = (
				2434D0702D1E956D007C91AA /* Sources */,
				2434D0712D1E956D007C91AA /* Frameworks */,
				2434D0722D1E956D007C91AA /* Resources */,
				2434D1192D24D077007C91AA /* Embed Watch Content */,
			);
			buildRules = (
			);
			dependencies = (
				2434D1142D24D077007C91AA /* PBXTargetDependency */,
			);
			fileSystemSynchronizedGroups = (
				2434D0762D1E956D007C91AA /* ski_coach */,
			);
			name = ski_coach;
			packageProductDependencies = (
			);
			productName = ski_coach;
			productReference = 2434D0742D1E956D007C91AA /* ski_coach.app */;
			productType = "com.apple.product-type.application";
		};
		2434D0832D1E956F007C91AA /* ski_coachTests */ = {
			isa = PBXNativeTarget;
			buildConfigurationList = 2434D09B2D1E956F007C91AA /* Build configuration list for PBXNativeTarget "ski_coachTests" */;
			buildPhases = (
				2434D0802D1E956F007C91AA /* Sources */,
				2434D0812D1E956F007C91AA /* Frameworks */,
				2434D0822D1E956F007C91AA /* Resources */,
			);
			buildRules = (
			);
			dependencies = (
				2434D0862D1E956F007C91AA /* PBXTargetDependency */,
			);
			fileSystemSynchronizedGroups = (
				2434D0872D1E956F007C91AA /* ski_coachTests */,
			);
			name = ski_coachTests;
			packageProductDependencies = (
			);
			productName = ski_coachTests;
			productReference = 2434D0842D1E956F007C91AA /* ski_coachTests.xctest */;
			productType = "com.apple.product-type.bundle.unit-test";
		};
		2434D08D2D1E956F007C91AA /* ski_coachUITests */ = {
			isa = PBXNativeTarget;
			buildConfigurationList = 2434D09E2D1E956F007C91AA /* Build configuration list for PBXNativeTarget "ski_coachUITests" */;
			buildPhases = (
				2434D08A2D1E956F007C91AA /* Sources */,
				2434D08B2D1E956F007C91AA /* Frameworks */,
				2434D08C2D1E956F007C91AA /* Resources */,
			);
			buildRules = (
			);
			dependencies = (
				2434D0902D1E956F007C91AA /* PBXTargetDependency */,
			);
			fileSystemSynchronizedGroups = (
				2434D0912D1E956F007C91AA /* ski_coachUITests */,
			);
			name = ski_coachUITests;
			packageProductDependencies = (
			);
			productName = ski_coachUITests;
			productReference = 2434D08E2D1E956F007C91AA /* ski_coachUITests.xctest */;
			productType = "com.apple.product-type.bundle.ui-testing";
		};
		2434D0F12D24D075007C91AA /* watch_ski_coach Watch App */ = {
			isa = PBXNativeTarget;
			buildConfigurationList = 2434D1162D24D077007C91AA /* Build configuration list for PBXNativeTarget "watch_ski_coach Watch App" */;
			buildPhases = (
				2434D0EE2D24D075007C91AA /* Sources */,
				2434D0EF2D24D075007C91AA /* Frameworks */,
				2434D0F02D24D075007C91AA /* Resources */,
			);
			buildRules = (
			);
			dependencies = (
			);
			fileSystemSynchronizedGroups = (
				2434D0F32D24D075007C91AA /* watch_ski_coach Watch App */,
			);
			name = "watch_ski_coach Watch App";
			packageProductDependencies = (
			);
			productName = "watch_ski_coach Watch App";
			productReference = 2434D0F22D24D075007C91AA /* watch_ski_coach Watch App.app */;
			productType = "com.apple.product-type.application";
		};
		2434D1002D24D077007C91AA /* watch_ski_coach Watch AppTests */ = {
			isa = PBXNativeTarget;
			buildConfigurationList = 2434D11A2D24D077007C91AA /* Build configuration list for PBXNativeTarget "watch_ski_coach Watch AppTests" */;
			buildPhases = (
				2434D0FD2D24D077007C91AA /* Sources */,
				2434D0FE2D24D077007C91AA /* Frameworks */,
				2434D0FF2D24D077007C91AA /* Resources */,
			);
			buildRules = (
			);
			dependencies = (
				2434D1032D24D077007C91AA /* PBXTargetDependency */,
			);
			fileSystemSynchronizedGroups = (
				2434D1042D24D077007C91AA /* watch_ski_coach Watch AppTests */,
			);
			name = "watch_ski_coach Watch AppTests";
			packageProductDependencies = (
			);
			productName = "watch_ski_coach Watch AppTests";
			productReference = 2434D1012D24D077007C91AA /* watch_ski_coach Watch AppTests.xctest */;
			productType = "com.apple.product-type.bundle.unit-test";
		};
		2434D10A2D24D077007C91AA /* watch_ski_coach Watch AppUITests */ = {
			isa = PBXNativeTarget;
			buildConfigurationList = 2434D11D2D24D077007C91AA /* Build configuration list for PBXNativeTarget "watch_ski_coach Watch AppUITests" */;
			buildPhases = (
				2434D1072D24D077007C91AA /* Sources */,
				2434D1082D24D077007C91AA /* Frameworks */,
				2434D1092D24D077007C91AA /* Resources */,
			);
			buildRules = (
			);
			dependencies = (
				2434D10D2D24D077007C91AA /* PBXTargetDependency */,
			);
			fileSystemSynchronizedGroups = (
				2434D10E2D24D077007C91AA /* watch_ski_coach Watch AppUITests */,
			);
			name = "watch_ski_coach Watch AppUITests";
			packageProductDependencies = (
			);
			productName = "watch_ski_coach Watch AppUITests";
			productReference = 2434D10B2D24D077007C91AA /* watch_ski_coach Watch AppUITests.xctest */;
			productType = "com.apple.product-type.bundle.ui-testing";
		};
/* End PBXNativeTarget section */

/* Begin PBXProject section */
		2434D06C2D1E956D007C91AA /* Project object */ = {
			isa = PBXProject;
			attributes = {
				BuildIndependentTargetsInParallel = 1;
				LastSwiftUpdateCheck = 1620;
				LastUpgradeCheck = 1620;
				TargetAttributes = {
					2434D0732D1E956D007C91AA = {
						CreatedOnToolsVersion = 16.2;
					};
					2434D0832D1E956F007C91AA = {
						CreatedOnToolsVersion = 16.2;
						TestTargetID = 2434D0732D1E956D007C91AA;
					};
					2434D08D2D1E956F007C91AA = {
						CreatedOnToolsVersion = 16.2;
						TestTargetID = 2434D0732D1E956D007C91AA;
					};
					2434D0F12D24D075007C91AA = {
						CreatedOnToolsVersion = 16.2;
					};
					2434D1002D24D077007C91AA = {
						CreatedOnToolsVersion = 16.2;
						TestTargetID = 2434D0F12D24D075007C91AA;
					};
					2434D10A2D24D077007C91AA = {
						CreatedOnToolsVersion = 16.2;
						TestTargetID = 2434D0F12D24D075007C91AA;
					};
				};
			};
			buildConfigurationList = 2434D06F2D1E956D007C91AA /* Build configuration list for PBXProject "ski_coach" */;
			developmentRegion = en;
			hasScannedForEncodings = 0;
			knownRegions = (
				en,
				Base,
			);
			mainGroup = 2434D06B2D1E956D007C91AA;
			minimizedProjectReferenceProxies = 1;
			preferredProjectObjectVersion = 77;
			productRefGroup = 2434D0752D1E956D007C91AA /* Products */;
			projectDirPath = "";
			projectRoot = "";
			targets = (
				2434D0732D1E956D007C91AA /* ski_coach */,
				2434D0832D1E956F007C91AA /* ski_coachTests */,
				2434D08D2D1E956F007C91AA /* ski_coachUITests */,
				2434D0F12D24D075007C91AA /* watch_ski_coach Watch App */,
				2434D1002D24D077007C91AA /* watch_ski_coach Watch AppTests */,
				2434D10A2D24D077007C91AA /* watch_ski_coach Watch AppUITests */,
			);
		};
/* End PBXProject section */

/* Begin PBXResourcesBuildPhase section */
		2434D0722D1E956D007C91AA /* Resources */ = {
			isa = PBXResourcesBuildPhase;
			buildActionMask = 2147483647;
			files = (
				2434D0B52D2490BB007C91AA /* look_up.wav in Resources */,
				2434D0B32D248DC5007C91AA /* beep.wav in Resources */,
			);
			runOnlyForDeploymentPostprocessing = 0;
		};
		2434D0822D1E956F007C91AA /* Resources */ = {
			isa = PBXResourcesBuildPhase;
			buildActionMask = 2147483647;
			files = (
			);
			runOnlyForDeploymentPostprocessing = 0;
		};
		2434D08C2D1E956F007C91AA /* Resources */ = {
			isa = PBXResourcesBuildPhase;
			buildActionMask = 2147483647;
			files = (
			);
			runOnlyForDeploymentPostprocessing = 0;
		};
		2434D0F02D24D075007C91AA /* Resources */ = {
			isa = PBXResourcesBuildPhase;
			buildActionMask = 2147483647;
			files = (
			);
			runOnlyForDeploymentPostprocessing = 0;
		};
		2434D0FF2D24D077007C91AA /* Resources */ = {
			isa = PBXResourcesBuildPhase;
			buildActionMask = 2147483647;
			files = (
			);
			runOnlyForDeploymentPostprocessing = 0;
		};
		2434D1092D24D077007C91AA /* Resources */ = {
			isa = PBXResourcesBuildPhase;
			buildActionMask = 2147483647;
			files = (
			);
			runOnlyForDeploymentPostprocessing = 0;
		};
/* End PBXResourcesBuildPhase section */

/* Begin PBXSourcesBuildPhase section */
		2434D0702D1E956D007C91AA /* Sources */ = {
			isa = PBXSourcesBuildPhase;
			buildActionMask = 2147483647;
			files = (
			);
			runOnlyForDeploymentPostprocessing = 0;
		};
		2434D0802D1E956F007C91AA /* Sources */ = {
			isa = PBXSourcesBuildPhase;
			buildActionMask = 2147483647;
			files = (
			);
			runOnlyForDeploymentPostprocessing = 0;
		};
		2434D08A2D1E956F007C91AA /* Sources */ = {
			isa = PBXSourcesBuildPhase;
			buildActionMask = 2147483647;
			files = (
			);
			runOnlyForDeploymentPostprocessing = 0;
		};
		2434D0EE2D24D075007C91AA /* Sources */ = {
			isa = PBXSourcesBuildPhase;
			buildActionMask = 2147483647;
			files = (
			);
			runOnlyForDeploymentPostprocessing = 0;
		};
		2434D0FD2D24D077007C91AA /* Sources */ = {
			isa = PBXSourcesBuildPhase;
			buildActionMask = 2147483647;
			files = (
			);
			runOnlyForDeploymentPostprocessing = 0;
		};
		2434D1072D24D077007C91AA /* Sources */ = {
			isa = PBXSourcesBuildPhase;
			buildActionMask = 2147483647;
			files = (
			);
			runOnlyForDeploymentPostprocessing = 0;
		};
/* End PBXSourcesBuildPhase section */

/* Begin PBXTargetDependency section */
		2434D0862D1E956F007C91AA /* PBXTargetDependency */ = {
			isa = PBXTargetDependency;
			target = 2434D0732D1E956D007C91AA /* ski_coach */;
			targetProxy = 2434D0852D1E956F007C91AA /* PBXContainerItemProxy */;
		};
		2434D0902D1E956F007C91AA /* PBXTargetDependency */ = {
			isa = PBXTargetDependency;
			target = 2434D0732D1E956D007C91AA /* ski_coach */;
			targetProxy = 2434D08F2D1E956F007C91AA /* PBXContainerItemProxy */;
		};
		2434D1032D24D077007C91AA /* PBXTargetDependency */ = {
			isa = PBXTargetDependency;
			target = 2434D0F12D24D075007C91AA /* watch_ski_coach Watch App */;
			targetProxy = 2434D1022D24D077007C91AA /* PBXContainerItemProxy */;
		};
		2434D10D2D24D077007C91AA /* PBXTargetDependency */ = {
			isa = PBXTargetDependency;
			target = 2434D0F12D24D075007C91AA /* watch_ski_coach Watch App */;
			targetProxy = 2434D10C2D24D077007C91AA /* PBXContainerItemProxy */;
		};
		2434D1142D24D077007C91AA /* PBXTargetDependency */ = {
			isa = PBXTargetDependency;
			target = 2434D0F12D24D075007C91AA /* watch_ski_coach Watch App */;
			targetProxy = 2434D1132D24D077007C91AA /* PBXContainerItemProxy */;
		};
/* End PBXTargetDependency section */

/* Begin XCBuildConfiguration section */
		2434D0962D1E956F007C91AA /* Debug */ = {
			isa = XCBuildConfiguration;
			buildSettings = {
				ALWAYS_SEARCH_USER_PATHS = NO;
				ASSETCATALOG_COMPILER_GENERATE_SWIFT_ASSET_SYMBOL_EXTENSIONS = YES;
				CLANG_ANALYZER_NONNULL = YES;
				CLANG_ANALYZER_NUMBER_OBJECT_CONVERSION = YES_AGGRESSIVE;
				CLANG_CXX_LANGUAGE_STANDARD = "gnu++20";
				CLANG_ENABLE_MODULES = YES;
				CLANG_ENABLE_OBJC_ARC = YES;
				CLANG_ENABLE_OBJC_WEAK = YES;
				CLANG_WARN_BLOCK_CAPTURE_AUTORELEASING = YES;
				CLANG_WARN_BOOL_CONVERSION = YES;
				CLANG_WARN_COMMA = YES;
				CLANG_WARN_CONSTANT_CONVERSION = YES;
				CLANG_WARN_DEPRECATED_OBJC_IMPLEMENTATIONS = YES;
				CLANG_WARN_DIRECT_OBJC_ISA_USAGE = YES_ERROR;
				CLANG_WARN_DOCUMENTATION_COMMENTS = YES;
				CLANG_WARN_EMPTY_BODY = YES;
				CLANG_WARN_ENUM_CONVERSION = YES;
				CLANG_WARN_INFINITE_RECURSION = YES;
				CLANG_WARN_INT_CONVERSION = YES;
				CLANG_WARN_NON_LITERAL_NULL_CONVERSION = YES;
				CLANG_WARN_OBJC_IMPLICIT_RETAIN_SELF = YES;
				CLANG_WARN_OBJC_LITERAL_CONVERSION = YES;
				CLANG_WARN_OBJC_ROOT_CLASS = YES_ERROR;
				CLANG_WARN_QUOTED_INCLUDE_IN_FRAMEWORK_HEADER = YES;
				CLANG_WARN_RANGE_LOOP_ANALYSIS = YES;
				CLANG_WARN_STRICT_PROTOTYPES = YES;
				CLANG_WARN_SUSPICIOUS_MOVE = YES;
				CLANG_WARN_UNGUARDED_AVAILABILITY = YES_AGGRESSIVE;
				CLANG_WARN_UNREACHABLE_CODE = YES;
				CLANG_WARN__DUPLICATE_METHOD_MATCH = YES;
				COPY_PHASE_STRIP = NO;
				DEBUG_INFORMATION_FORMAT = dwarf;
				ENABLE_STRICT_OBJC_MSGSEND = YES;
				ENABLE_TESTABILITY = YES;
				ENABLE_USER_SCRIPT_SANDBOXING = YES;
				GCC_C_LANGUAGE_STANDARD = gnu17;
				GCC_DYNAMIC_NO_PIC = NO;
				GCC_NO_COMMON_BLOCKS = YES;
				GCC_OPTIMIZATION_LEVEL = 0;
				GCC_PREPROCESSOR_DEFINITIONS = (
					"DEBUG=1",
					"$(inherited)",
				);
				GCC_WARN_64_TO_32_BIT_CONVERSION = YES;
				GCC_WARN_ABOUT_RETURN_TYPE = YES_ERROR;
				GCC_WARN_UNDECLARED_SELECTOR = YES;
				GCC_WARN_UNINITIALIZED_AUTOS = YES_AGGRESSIVE;
				GCC_WARN_UNUSED_FUNCTION = YES;
				GCC_WARN_UNUSED_VARIABLE = YES;
				IPHONEOS_DEPLOYMENT_TARGET = 18.2;
				LOCALIZATION_PREFERS_STRING_CATALOGS = YES;
				MTL_ENABLE_DEBUG_INFO = INCLUDE_SOURCE;
				MTL_FAST_MATH = YES;
				ONLY_ACTIVE_ARCH = YES;
				SDKROOT = iphoneos;
				SWIFT_ACTIVE_COMPILATION_CONDITIONS = "DEBUG $(inherited)";
				SWIFT_OPTIMIZATION_LEVEL = "-Onone";
			};
			name = Debug;
		};
		2434D0972D1E956F007C91AA /* Release */ = {
			isa = XCBuildConfiguration;
			buildSettings = {
				ALWAYS_SEARCH_USER_PATHS = NO;
				ASSETCATALOG_COMPILER_GENERATE_SWIFT_ASSET_SYMBOL_EXTENSIONS = YES;
				CLANG_ANALYZER_NONNULL = YES;
				CLANG_ANALYZER_NUMBER_OBJECT_CONVERSION = YES_AGGRESSIVE;
				CLANG_CXX_LANGUAGE_STANDARD = "gnu++20";
				CLANG_ENABLE_MODULES = YES;
				CLANG_ENABLE_OBJC_ARC = YES;
				CLANG_ENABLE_OBJC_WEAK = YES;
				CLANG_WARN_BLOCK_CAPTURE_AUTORELEASING = YES;
				CLANG_WARN_BOOL_CONVERSION = YES;
				CLANG_WARN_COMMA = YES;
				CLANG_WARN_CONSTANT_CONVERSION = YES;
				CLANG_WARN_DEPRECATED_OBJC_IMPLEMENTATIONS = YES;
				CLANG_WARN_DIRECT_OBJC_ISA_USAGE = YES_ERROR;
				CLANG_WARN_DOCUMENTATION_COMMENTS = YES;
				CLANG_WARN_EMPTY_BODY = YES;
				CLANG_WARN_ENUM_CONVERSION = YES;
				CLANG_WARN_INFINITE_RECURSION = YES;
				CLANG_WARN_INT_CONVERSION = YES;
				CLANG_WARN_NON_LITERAL_NULL_CONVERSION = YES;
				CLANG_WARN_OBJC_IMPLICIT_RETAIN_SELF = YES;
				CLANG_WARN_OBJC_LITERAL_CONVERSION = YES;
				CLANG_WARN_OBJC_ROOT_CLASS = YES_ERROR;
				CLANG_WARN_QUOTED_INCLUDE_IN_FRAMEWORK_HEADER = YES;
				CLANG_WARN_RANGE_LOOP_ANALYSIS = YES;
				CLANG_WARN_STRICT_PROTOTYPES = YES;
				CLANG_WARN_SUSPICIOUS_MOVE = YES;
				CLANG_WARN_UNGUARDED_AVAILABILITY = YES_AGGRESSIVE;
				CLANG_WARN_UNREACHABLE_CODE = YES;
				CLANG_WARN__DUPLICATE_METHOD_MATCH = YES;
				COPY_PHASE_STRIP = NO;
				DEBUG_INFORMATION_FORMAT = "dwarf-with-dsym";
				ENABLE_NS_ASSERTIONS = NO;
				ENABLE_STRICT_OBJC_MSGSEND = YES;
				ENABLE_USER_SCRIPT_SANDBOXING = YES;
				GCC_C_LANGUAGE_STANDARD = gnu17;
				GCC_NO_COMMON_BLOCKS = YES;
				GCC_WARN_64_TO_32_BIT_CONVERSION = YES;
				GCC_WARN_ABOUT_RETURN_TYPE = YES_ERROR;
				GCC_WARN_UNDECLARED_SELECTOR = YES;
				GCC_WARN_UNINITIALIZED_AUTOS = YES_AGGRESSIVE;
				GCC_WARN_UNUSED_FUNCTION = YES;
				GCC_WARN_UNUSED_VARIABLE = YES;
				IPHONEOS_DEPLOYMENT_TARGET = 18.2;
				LOCALIZATION_PREFERS_STRING_CATALOGS = YES;
				MTL_ENABLE_DEBUG_INFO = NO;
				MTL_FAST_MATH = YES;
				SDKROOT = iphoneos;
				SWIFT_COMPILATION_MODE = wholemodule;
				VALIDATE_PRODUCT = YES;
			};
			name = Release;
		};
		2434D0992D1E956F007C91AA /* Debug */ = {
			isa = XCBuildConfiguration;
			buildSettings = {
				ASSETCATALOG_COMPILER_APPICON_NAME = AppIcon;
				ASSETCATALOG_COMPILER_GLOBAL_ACCENT_COLOR_NAME = AccentColor;
				CODE_SIGN_STYLE = Automatic;
				CURRENT_PROJECT_VERSION = 1;
				DEVELOPMENT_ASSET_PATHS = "\"ski_coach/Preview Content\"";
				DEVELOPMENT_TEAM = K69J2B92Y2;
				ENABLE_PREVIEWS = YES;
				GENERATE_INFOPLIST_FILE = YES;
				INFOPLIST_FILE = "ski-coach-Info.plist";
				INFOPLIST_KEY_NSMotionUsageDescription = "This app uses your device's motion data to enhance the user experience by tracking steps and orientation.";
				INFOPLIST_KEY_UIApplicationSceneManifest_Generation = YES;
				INFOPLIST_KEY_UIApplicationSupportsIndirectInputEvents = YES;
				INFOPLIST_KEY_UILaunchScreen_Generation = YES;
				INFOPLIST_KEY_UISupportedInterfaceOrientations_iPad = "UIInterfaceOrientationPortrait UIInterfaceOrientationPortraitUpsideDown UIInterfaceOrientationLandscapeLeft UIInterfaceOrientationLandscapeRight";
				INFOPLIST_KEY_UISupportedInterfaceOrientations_iPhone = "UIInterfaceOrientationPortrait UIInterfaceOrientationLandscapeLeft UIInterfaceOrientationLandscapeRight";
				LD_RUNPATH_SEARCH_PATHS = (
					"$(inherited)",
					"@executable_path/Frameworks",
				);
				MARKETING_VERSION = 1.0;
				NSMotionUsageDescription = "This app uses your device's motion data to enhance the user experience by tracking steps and orientation.";
				PRODUCT_BUNDLE_IDENTIFIER = "mitra.ski-coach";
				PRODUCT_NAME = "$(TARGET_NAME)";
				SWIFT_EMIT_LOC_STRINGS = YES;
				SWIFT_VERSION = 5.0;
				TARGETED_DEVICE_FAMILY = "1,2";
			};
			name = Debug;
		};
		2434D09A2D1E956F007C91AA /* Release */ = {
			isa = XCBuildConfiguration;
			buildSettings = {
				ASSETCATALOG_COMPILER_APPICON_NAME = AppIcon;
				ASSETCATALOG_COMPILER_GLOBAL_ACCENT_COLOR_NAME = AccentColor;
				CODE_SIGN_STYLE = Automatic;
				CURRENT_PROJECT_VERSION = 1;
				DEVELOPMENT_ASSET_PATHS = "\"ski_coach/Preview Content\"";
				DEVELOPMENT_TEAM = K69J2B92Y2;
				ENABLE_PREVIEWS = YES;
				GENERATE_INFOPLIST_FILE = YES;
				INFOPLIST_FILE = "ski-coach-Info.plist";
				INFOPLIST_KEY_NSMotionUsageDescription = "This app uses your device's motion data to enhance the user experience by tracking steps and orientation.";
				INFOPLIST_KEY_UIApplicationSceneManifest_Generation = YES;
				INFOPLIST_KEY_UIApplicationSupportsIndirectInputEvents = YES;
				INFOPLIST_KEY_UILaunchScreen_Generation = YES;
				INFOPLIST_KEY_UISupportedInterfaceOrientations_iPad = "UIInterfaceOrientationPortrait UIInterfaceOrientationPortraitUpsideDown UIInterfaceOrientationLandscapeLeft UIInterfaceOrientationLandscapeRight";
				INFOPLIST_KEY_UISupportedInterfaceOrientations_iPhone = "UIInterfaceOrientationPortrait UIInterfaceOrientationLandscapeLeft UIInterfaceOrientationLandscapeRight";
				LD_RUNPATH_SEARCH_PATHS = (
					"$(inherited)",
					"@executable_path/Frameworks",
				);
				MARKETING_VERSION = 1.0;
				NSMotionUsageDescription = "This app uses your device's motion data to enhance the user experience by tracking steps and orientation.";
				PRODUCT_BUNDLE_IDENTIFIER = "mitra.ski-coach";
				PRODUCT_NAME = "$(TARGET_NAME)";
				SWIFT_EMIT_LOC_STRINGS = YES;
				SWIFT_VERSION = 5.0;
				TARGETED_DEVICE_FAMILY = "1,2";
			};
			name = Release;
		};
		2434D09C2D1E956F007C91AA /* Debug */ = {
			isa = XCBuildConfiguration;
			buildSettings = {
				BUNDLE_LOADER = "$(TEST_HOST)";
				CODE_SIGN_STYLE = Automatic;
				CURRENT_PROJECT_VERSION = 1;
				DEVELOPMENT_TEAM = K69J2B92Y2;
				GENERATE_INFOPLIST_FILE = YES;
				IPHONEOS_DEPLOYMENT_TARGET = 18.2;
				MARKETING_VERSION = 1.0;
				PRODUCT_BUNDLE_IDENTIFIER = "mitra.ski-coachTests";
				PRODUCT_NAME = "$(TARGET_NAME)";
				SWIFT_EMIT_LOC_STRINGS = NO;
				SWIFT_VERSION = 5.0;
				TARGETED_DEVICE_FAMILY = "1,2";
				TEST_HOST = "$(BUILT_PRODUCTS_DIR)/ski_coach.app/$(BUNDLE_EXECUTABLE_FOLDER_PATH)/ski_coach";
			};
			name = Debug;
		};
		2434D09D2D1E956F007C91AA /* Release */ = {
			isa = XCBuildConfiguration;
			buildSettings = {
				BUNDLE_LOADER = "$(TEST_HOST)";
				CODE_SIGN_STYLE = Automatic;
				CURRENT_PROJECT_VERSION = 1;
				DEVELOPMENT_TEAM = K69J2B92Y2;
				GENERATE_INFOPLIST_FILE = YES;
				IPHONEOS_DEPLOYMENT_TARGET = 18.2;
				MARKETING_VERSION = 1.0;
				PRODUCT_BUNDLE_IDENTIFIER = "mitra.ski-coachTests";
				PRODUCT_NAME = "$(TARGET_NAME)";
				SWIFT_EMIT_LOC_STRINGS = NO;
				SWIFT_VERSION = 5.0;
				TARGETED_DEVICE_FAMILY = "1,2";
				TEST_HOST = "$(BUILT_PRODUCTS_DIR)/ski_coach.app/$(BUNDLE_EXECUTABLE_FOLDER_PATH)/ski_coach";
			};
			name = Release;
		};
		2434D09F2D1E956F007C91AA /* Debug */ = {
			isa = XCBuildConfiguration;
			buildSettings = {
				CODE_SIGN_STYLE = Automatic;
				CURRENT_PROJECT_VERSION = 1;
				DEVELOPMENT_TEAM = K69J2B92Y2;
				GENERATE_INFOPLIST_FILE = YES;
				MARKETING_VERSION = 1.0;
				PRODUCT_BUNDLE_IDENTIFIER = "mitra.ski-coachUITests";
				PRODUCT_NAME = "$(TARGET_NAME)";
				SWIFT_EMIT_LOC_STRINGS = NO;
				SWIFT_VERSION = 5.0;
				TARGETED_DEVICE_FAMILY = "1,2";
				TEST_TARGET_NAME = ski_coach;
			};
			name = Debug;
		};
		2434D0A02D1E956F007C91AA /* Release */ = {
			isa = XCBuildConfiguration;
			buildSettings = {
				CODE_SIGN_STYLE = Automatic;
				CURRENT_PROJECT_VERSION = 1;
				DEVELOPMENT_TEAM = K69J2B92Y2;
				GENERATE_INFOPLIST_FILE = YES;
				MARKETING_VERSION = 1.0;
				PRODUCT_BUNDLE_IDENTIFIER = "mitra.ski-coachUITests";
				PRODUCT_NAME = "$(TARGET_NAME)";
				SWIFT_EMIT_LOC_STRINGS = NO;
				SWIFT_VERSION = 5.0;
				TARGETED_DEVICE_FAMILY = "1,2";
				TEST_TARGET_NAME = ski_coach;
			};
			name = Release;
		};
		2434D1172D24D077007C91AA /* Debug */ = {
			isa = XCBuildConfiguration;
			buildSettings = {
				ASSETCATALOG_COMPILER_APPICON_NAME = AppIcon;
				ASSETCATALOG_COMPILER_GLOBAL_ACCENT_COLOR_NAME = AccentColor;
				CODE_SIGN_STYLE = Automatic;
				CURRENT_PROJECT_VERSION = 1;
				DEVELOPMENT_ASSET_PATHS = "\"watch_ski_coach Watch App/Preview Content\"";
				DEVELOPMENT_TEAM = K69J2B92Y2;
				ENABLE_PREVIEWS = YES;
				GENERATE_INFOPLIST_FILE = YES;
				INFOPLIST_KEY_CFBundleDisplayName = watch_ski_coach;
				INFOPLIST_KEY_UISupportedInterfaceOrientations = "UIInterfaceOrientationPortrait UIInterfaceOrientationPortraitUpsideDown";
				INFOPLIST_KEY_WKCompanionAppBundleIdentifier = "mitra.ski-coach";
				LD_RUNPATH_SEARCH_PATHS = (
					"$(inherited)",
					"@executable_path/Frameworks",
				);
				MARKETING_VERSION = 1.0;
				PRODUCT_BUNDLE_IDENTIFIER = "mitra.ski-coach.watchkitapp";
				PRODUCT_NAME = "$(TARGET_NAME)";
				SDKROOT = watchos;
				SKIP_INSTALL = YES;
				SWIFT_EMIT_LOC_STRINGS = YES;
				SWIFT_VERSION = 5.0;
				TARGETED_DEVICE_FAMILY = 4;
				WATCHOS_DEPLOYMENT_TARGET = 11.2;
			};
			name = Debug;
		};
		2434D1182D24D077007C91AA /* Release */ = {
			isa = XCBuildConfiguration;
			buildSettings = {
				ASSETCATALOG_COMPILER_APPICON_NAME = AppIcon;
				ASSETCATALOG_COMPILER_GLOBAL_ACCENT_COLOR_NAME = AccentColor;
				CODE_SIGN_STYLE = Automatic;
				CURRENT_PROJECT_VERSION = 1;
				DEVELOPMENT_ASSET_PATHS = "\"watch_ski_coach Watch App/Preview Content\"";
				DEVELOPMENT_TEAM = K69J2B92Y2;
				ENABLE_PREVIEWS = YES;
				GENERATE_INFOPLIST_FILE = YES;
				INFOPLIST_KEY_CFBundleDisplayName = watch_ski_coach;
				INFOPLIST_KEY_UISupportedInterfaceOrientations = "UIInterfaceOrientationPortrait UIInterfaceOrientationPortraitUpsideDown";
				INFOPLIST_KEY_WKCompanionAppBundleIdentifier = "mitra.ski-coach";
				LD_RUNPATH_SEARCH_PATHS = (
					"$(inherited)",
					"@executable_path/Frameworks",
				);
				MARKETING_VERSION = 1.0;
				PRODUCT_BUNDLE_IDENTIFIER = "mitra.ski-coach.watchkitapp";
				PRODUCT_NAME = "$(TARGET_NAME)";
				SDKROOT = watchos;
				SKIP_INSTALL = YES;
				SWIFT_EMIT_LOC_STRINGS = YES;
				SWIFT_VERSION = 5.0;
				TARGETED_DEVICE_FAMILY = 4;
				WATCHOS_DEPLOYMENT_TARGET = 11.2;
			};
			name = Release;
		};
		2434D11B2D24D077007C91AA /* Debug */ = {
			isa = XCBuildConfiguration;
			buildSettings = {
				BUNDLE_LOADER = "$(TEST_HOST)";
				CODE_SIGN_STYLE = Automatic;
				CURRENT_PROJECT_VERSION = 1;
				DEVELOPMENT_TEAM = K69J2B92Y2;
				GENERATE_INFOPLIST_FILE = YES;
				MARKETING_VERSION = 1.0;
				PRODUCT_BUNDLE_IDENTIFIER = "mitra.watch-ski-coach-Watch-AppTests";
				PRODUCT_NAME = "$(TARGET_NAME)";
				SDKROOT = watchos;
				SWIFT_EMIT_LOC_STRINGS = NO;
				SWIFT_VERSION = 5.0;
				TARGETED_DEVICE_FAMILY = 4;
				TEST_HOST = "$(BUILT_PRODUCTS_DIR)/watch_ski_coach Watch App.app/$(BUNDLE_EXECUTABLE_FOLDER_PATH)/watch_ski_coach Watch App";
				WATCHOS_DEPLOYMENT_TARGET = 11.2;
			};
			name = Debug;
		};
		2434D11C2D24D077007C91AA /* Release */ = {
			isa = XCBuildConfiguration;
			buildSettings = {
				BUNDLE_LOADER = "$(TEST_HOST)";
				CODE_SIGN_STYLE = Automatic;
				CURRENT_PROJECT_VERSION = 1;
				DEVELOPMENT_TEAM = K69J2B92Y2;
				GENERATE_INFOPLIST_FILE = YES;
				MARKETING_VERSION = 1.0;
				PRODUCT_BUNDLE_IDENTIFIER = "mitra.watch-ski-coach-Watch-AppTests";
				PRODUCT_NAME = "$(TARGET_NAME)";
				SDKROOT = watchos;
				SWIFT_EMIT_LOC_STRINGS = NO;
				SWIFT_VERSION = 5.0;
				TARGETED_DEVICE_FAMILY = 4;
				TEST_HOST = "$(BUILT_PRODUCTS_DIR)/watch_ski_coach Watch App.app/$(BUNDLE_EXECUTABLE_FOLDER_PATH)/watch_ski_coach Watch App";
				WATCHOS_DEPLOYMENT_TARGET = 11.2;
			};
			name = Release;
		};
		2434D11E2D24D077007C91AA /* Debug */ = {
			isa = XCBuildConfiguration;
			buildSettings = {
				CODE_SIGN_STYLE = Automatic;
				CURRENT_PROJECT_VERSION = 1;
				DEVELOPMENT_TEAM = K69J2B92Y2;
				GENERATE_INFOPLIST_FILE = YES;
				MARKETING_VERSION = 1.0;
				PRODUCT_BUNDLE_IDENTIFIER = "mitra.watch-ski-coach-Watch-AppUITests";
				PRODUCT_NAME = "$(TARGET_NAME)";
				SDKROOT = watchos;
				SWIFT_EMIT_LOC_STRINGS = NO;
				SWIFT_VERSION = 5.0;
				TARGETED_DEVICE_FAMILY = 4;
				TEST_TARGET_NAME = "watch_ski_coach Watch App";
				WATCHOS_DEPLOYMENT_TARGET = 11.2;
			};
			name = Debug;
		};
		2434D11F2D24D077007C91AA /* Release */ = {
			isa = XCBuildConfiguration;
			buildSettings = {
				CODE_SIGN_STYLE = Automatic;
				CURRENT_PROJECT_VERSION = 1;
				DEVELOPMENT_TEAM = K69J2B92Y2;
				GENERATE_INFOPLIST_FILE = YES;
				MARKETING_VERSION = 1.0;
				PRODUCT_BUNDLE_IDENTIFIER = "mitra.watch-ski-coach-Watch-AppUITests";
				PRODUCT_NAME = "$(TARGET_NAME)";
				SDKROOT = watchos;
				SWIFT_EMIT_LOC_STRINGS = NO;
				SWIFT_VERSION = 5.0;
				TARGETED_DEVICE_FAMILY = 4;
				TEST_TARGET_NAME = "watch_ski_coach Watch App";
				WATCHOS_DEPLOYMENT_TARGET = 11.2;
			};
			name = Release;
		};
/* End XCBuildConfiguration section */

/* Begin XCConfigurationList section */
		2434D06F2D1E956D007C91AA /* Build configuration list for PBXProject "ski_coach" */ = {
			isa = XCConfigurationList;
			buildConfigurations = (
				2434D0962D1E956F007C91AA /* Debug */,
				2434D0972D1E956F007C91AA /* Release */,
			);
			defaultConfigurationIsVisible = 0;
			defaultConfigurationName = Release;
		};
		2434D0982D1E956F007C91AA /* Build configuration list for PBXNativeTarget "ski_coach" */ = {
			isa = XCConfigurationList;
			buildConfigurations = (
				2434D0992D1E956F007C91AA /* Debug */,
				2434D09A2D1E956F007C91AA /* Release */,
			);
			defaultConfigurationIsVisible = 0;
			defaultConfigurationName = Release;
		};
		2434D09B2D1E956F007C91AA /* Build configuration list for PBXNativeTarget "ski_coachTests" */ = {
			isa = XCConfigurationList;
			buildConfigurations = (
				2434D09C2D1E956F007C91AA /* Debug */,
				2434D09D2D1E956F007C91AA /* Release */,
			);
			defaultConfigurationIsVisible = 0;
			defaultConfigurationName = Release;
		};
		2434D09E2D1E956F007C91AA /* Build configuration list for PBXNativeTarget "ski_coachUITests" */ = {
			isa = XCConfigurationList;
			buildConfigurations = (
				2434D09F2D1E956F007C91AA /* Debug */,
				2434D0A02D1E956F007C91AA /* Release */,
			);
			defaultConfigurationIsVisible = 0;
			defaultConfigurationName = Release;
		};
		2434D1162D24D077007C91AA /* Build configuration list for PBXNativeTarget "watch_ski_coach Watch App" */ = {
			isa = XCConfigurationList;
			buildConfigurations = (
				2434D1172D24D077007C91AA /* Debug */,
				2434D1182D24D077007C91AA /* Release */,
			);
			defaultConfigurationIsVisible = 0;
			defaultConfigurationName = Release;
		};
		2434D11A2D24D077007C91AA /* Build configuration list for PBXNativeTarget "watch_ski_coach Watch AppTests" */ = {
			isa = XCConfigurationList;
			buildConfigurations = (
				2434D11B2D24D077007C91AA /* Debug */,
				2434D11C2D24D077007C91AA /* Release */,
			);
			defaultConfigurationIsVisible = 0;
			defaultConfigurationName = Release;
		};
		2434D11D2D24D077007C91AA /* Build configuration list for PBXNativeTarget "watch_ski_coach Watch AppUITests" */ = {
			isa = XCConfigurationList;
			buildConfigurations = (
				2434D11E2D24D077007C91AA /* Debug */,
				2434D11F2D24D077007C91AA /* Release */,
			);
			defaultConfigurationIsVisible = 0;
			defaultConfigurationName = Release;
		};
/* End XCConfigurationList section */
	};
	rootObject = 2434D06C2D1E956D007C91AA /* Project object */;
}
